
Microsoft Visual Studio Solution File, Format Version 12.00
# Visual Studio Version 17
VisualStudioVersion = 17.12.35527.113 d17.12
MinimumVisualStudioVersion = 10.0.40219.1
Project("{FAE04EC0-301F-11D3-BF4B-00C04F79EFBC}") = "HospitalManagement.API", "HospitalManagement.API\HospitalManagement.API.csproj", "{A32AD682-86B3-4EA1-9064-221DCD6B6335}"
EndProject
Project("{FAE04EC0-301F-11D3-BF4B-00C04F79EFBC}") = "HospitalManagement.BL", "HospitalManagement.BL\HospitalManagement.BL.csproj", "{066AC986-CB3B-4B97-A1D1-52A5CFC99D12}"
EndProject
Project("{FAE04EC0-301F-11D3-BF4B-00C04F79EFBC}") = "HospitalManagement.DAL", "HospitalManagement.DAL\HospitalManagement.DAL.csproj", "{3C749F76-E312-4455-AE53-4F3C7D7A5BBF}"
EndProject
Project("{FAE04EC0-301F-11D3-BF4B-00C04F79EFBC}") = "HospitalManagement.Core", "HospitalManagement.Core\HospitalManagement.Core.csproj", "{8FECEE4D-3EE0-434B-89A2-54FD02AE5EC3}"
EndProject
Global
	GlobalSection(SolutionConfigurationPlatforms) = preSolution
		Debug|Any CPU = Debug|Any CPU
		Release|Any CPU = Release|Any CPU
	EndGlobalSection
	GlobalSection(ProjectConfigurationPlatforms) = postSolution
		{A32AD682-86B3-4EA1-9064-221DCD6B6335}.Debug|Any CPU.ActiveCfg = Debug|Any CPU
		{A32AD682-86B3-4EA1-9064-221DCD6B6335}.Debug|Any CPU.Build.0 = Debug|Any CPU
		{A32AD682-86B3-4EA1-9064-221DCD6B6335}.Release|Any CPU.ActiveCfg = Release|Any CPU
		{A32AD682-86B3-4EA1-9064-221DCD6B6335}.Release|Any CPU.Build.0 = Release|Any CPU
		{066AC986-CB3B-4B97-A1D1-52A5CFC99D12}.Debug|Any CPU.ActiveCfg = Debug|Any CPU
		{066AC986-CB3B-4B97-A1D1-52A5CFC99D12}.Debug|Any CPU.Build.0 = Debug|Any CPU
		{066AC986-CB3B-4B97-A1D1-52A5CFC99D12}.Release|Any CPU.ActiveCfg = Release|Any CPU
		{066AC986-CB3B-4B97-A1D1-52A5CFC99D12}.Release|Any CPU.Build.0 = Release|Any CPU
		{3C749F76-E312-4455-AE53-4F3C7D7A5BBF}.Debug|Any CPU.ActiveCfg = Debug|Any CPU
		{3C749F76-E312-4455-AE53-4F3C7D7A5BBF}.Debug|Any CPU.Build.0 = Debug|Any CPU
		{3C749F76-E312-4455-AE53-4F3C7D7A5BBF}.Release|Any CPU.ActiveCfg = Release|Any CPU
		{3C749F76-E312-4455-AE53-4F3C7D7A5BBF}.Release|Any CPU.Build.0 = Release|Any CPU
		{8FECEE4D-3EE0-434B-89A2-54FD02AE5EC3}.Debug|Any CPU.ActiveCfg = Debug|Any CPU
		{8FECEE4D-3EE0-434B-89A2-54FD02AE5EC3}.Debug|Any CPU.Build.0 = Debug|Any CPU
		{8FECEE4D-3EE0-434B-89A2-54FD02AE5EC3}.Release|Any CPU.ActiveCfg = Release|Any CPU
		{8FECEE4D-3EE0-434B-89A2-54FD02AE5EC3}.Release|Any CPU.Build.0 = Release|Any CPU
	EndGlobalSection
	GlobalSection(SolutionProperties) = preSolution
		HideSolutionNode = FALSE
	EndGlobalSection
EndGlobal
